// !$*UTF8*$!
{
	archiveVersion = 1;
	classes = {
	};
	objectVersion = 46;
	objects = {

/* Begin PBXBuildFile section */
		2E62F6441CC42BC20041EE52 /* BaseViewController.m in Sources */ = {isa = PBXBuildFile; fileRef = 2E62F6431CC42BC20041EE52 /* BaseViewController.m */; };
		2E62F6561CC42C680041EE52 /* JGProgressHUD.m in Sources */ = {isa = PBXBuildFile; fileRef = 2E62F6471CC42C680041EE52 /* JGProgressHUD.m */; };
		2E62F6571CC42C680041EE52 /* JGProgressHUDAnimation.m in Sources */ = {isa = PBXBuildFile; fileRef = 2E62F6491CC42C680041EE52 /* JGProgressHUDAnimation.m */; };
		2E62F6581CC42C680041EE52 /* JGProgressHUDFadeAnimation.m in Sources */ = {isa = PBXBuildFile; fileRef = 2E62F64B1CC42C680041EE52 /* JGProgressHUDFadeAnimation.m */; };
		2E62F6591CC42C680041EE52 /* JGProgressHUDFadeZoomAnimation.m in Sources */ = {isa = PBXBuildFile; fileRef = 2E62F64D1CC42C680041EE52 /* JGProgressHUDFadeZoomAnimation.m */; };
		2E62F65A1CC42C680041EE52 /* JGProgressHUDIndeterminateIndicatorView.m in Sources */ = {isa = PBXBuildFile; fileRef = 2E62F64F1CC42C680041EE52 /* JGProgressHUDIndeterminateIndicatorView.m */; };
		2E62F65B1CC42C680041EE52 /* JGProgressHUDIndicatorView.m in Sources */ = {isa = PBXBuildFile; fileRef = 2E62F6511CC42C680041EE52 /* JGProgressHUDIndicatorView.m */; };
		2E62F65C1CC42C680041EE52 /* JGProgressHUDPieIndicatorView.m in Sources */ = {isa = PBXBuildFile; fileRef = 2E62F6531CC42C680041EE52 /* JGProgressHUDPieIndicatorView.m */; };
		2E62F65D1CC42C680041EE52 /* JGProgressHUDRingIndicatorView.m in Sources */ = {isa = PBXBuildFile; fileRef = 2E62F6551CC42C680041EE52 /* JGProgressHUDRingIndicatorView.m */; };
		2E62F6601CC4318A0041EE52 /* BaseTabBarController.m in Sources */ = {isa = PBXBuildFile; fileRef = 2E62F65F1CC4318A0041EE52 /* BaseTabBarController.m */; };
		2E62F6771CC46DF00041EE52 /* AddressListViewController.m in Sources */ = {isa = PBXBuildFile; fileRef = 2E62F6761CC46DF00041EE52 /* AddressListViewController.m */; };
		2E62F67F1CC4D3EB0041EE52 /* MessageViewController.m in Sources */ = {isa = PBXBuildFile; fileRef = 2E62F67E1CC4D3EB0041EE52 /* MessageViewController.m */; };
		2E62F6821CC4D4D70041EE52 /* MessageTableView.m in Sources */ = {isa = PBXBuildFile; fileRef = 2E62F6811CC4D4D70041EE52 /* MessageTableView.m */; };
		2E62F6851CC4D70B0041EE52 /* MessageTableViewCell.m in Sources */ = {isa = PBXBuildFile; fileRef = 2E62F6841CC4D70B0041EE52 /* MessageTableViewCell.m */; };
		2E8A4F7B1CC7681100AB505C /* Assets.xcassets in Resources */ = {isa = PBXBuildFile; fileRef = 2E8A4F7A1CC7681100AB505C /* Assets.xcassets */; };
		F81060C21CC34A3200941121 /* main.m in Sources */ = {isa = PBXBuildFile; fileRef = F81060C11CC34A3200941121 /* main.m */; };
		F81060CE1CC34A3200941121 /* foodplantform.xcdatamodeld in Sources */ = {isa = PBXBuildFile; fileRef = F81060CC1CC34A3200941121 /* foodplantform.xcdatamodeld */; };
		F81060D31CC34A3200941121 /* LaunchScreen.storyboard in Resources */ = {isa = PBXBuildFile; fileRef = F81060D11CC34A3200941121 /* LaunchScreen.storyboard */; };
		F81060DE1CC34A3200941121 /* foodplantformUITests.m in Sources */ = {isa = PBXBuildFile; fileRef = F81060DD1CC34A3200941121 /* foodplantformUITests.m */; };
		F81060FA1CC34A9500941121 /* AppDelegate.m in Sources */ = {isa = PBXBuildFile; fileRef = F81060EB1CC34A9500941121 /* AppDelegate.m */; };
		F81060FD1CC34B2C00941121 /* O1.m in Sources */ = {isa = PBXBuildFile; fileRef = F81060FC1CC34B2C00941121 /* O1.m */; };
		F81061061CC34B6400941121 /* 03.m in Sources */ = {isa = PBXBuildFile; fileRef = F81061051CC34B6400941121 /* 03.m */; };
		F81061091CC34B6C00941121 /* 04.m in Sources */ = {isa = PBXBuildFile; fileRef = F81061081CC34B6C00941121 /* 04.m */; };
		F810610C1CC34B7300941121 /* 05.m in Sources */ = {isa = PBXBuildFile; fileRef = F810610B1CC34B7300941121 /* 05.m */; };
		F810610F1CC34B7C00941121 /* 06.m in Sources */ = {isa = PBXBuildFile; fileRef = F810610E1CC34B7C00941121 /* 06.m */; };
		F814C9741CCBEFFA00825CDF /* regViewController.m in Sources */ = {isa = PBXBuildFile; fileRef = F814C9731CCBEFFA00825CDF /* regViewController.m */; settings = {ASSET_TAGS = (); }; };
		F814C9771CCBF01E00825CDF /* regView.m in Sources */ = {isa = PBXBuildFile; fileRef = F814C9761CCBF01E00825CDF /* regView.m */; settings = {ASSET_TAGS = (); }; };
		F814C97A1CCBF9D600825CDF /* loginViewController.m in Sources */ = {isa = PBXBuildFile; fileRef = F814C9791CCBF9D600825CDF /* loginViewController.m */; settings = {ASSET_TAGS = (); }; };
		F814C97D1CCBF9E600825CDF /* loginView.m in Sources */ = {isa = PBXBuildFile; fileRef = F814C97C1CCBF9E600825CDF /* loginView.m */; settings = {ASSET_TAGS = (); }; };
		F87C8E691CC753A2007D9D6E /* foodlistTableViewCell.m in Sources */ = {isa = PBXBuildFile; fileRef = F87C8E681CC753A2007D9D6E /* foodlistTableViewCell.m */; };
		F87C8E6C1CC753C0007D9D6E /* foodlistTableViewController.m in Sources */ = {isa = PBXBuildFile; fileRef = F87C8E6B1CC753C0007D9D6E /* foodlistTableViewController.m */; };
		F8E2C1B41CC8D276005A2579 /* HCSStarRatingView.m in Sources */ = {isa = PBXBuildFile; fileRef = F8E2C1B11CC8D276005A2579 /* HCSStarRatingView.m */; settings = {ASSET_TAGS = (); }; };
		F8E2C1B51CC8D276005A2579 /* LICENSE in Resources */ = {isa = PBXBuildFile; fileRef = F8E2C1B21CC8D276005A2579 /* LICENSE */; settings = {ASSET_TAGS = (); }; };
		F8E2C1B61CC8D276005A2579 /* README.md in Sources */ = {isa = PBXBuildFile; fileRef = F8E2C1B31CC8D276005A2579 /* README.md */; settings = {ASSET_TAGS = (); }; };
/* End PBXBuildFile section */

/* Begin PBXContainerItemProxy section */
		F81060DA1CC34A3200941121 /* PBXContainerItemProxy */ = {
			isa = PBXContainerItemProxy;
			containerPortal = F81060B51CC34A3200941121 /* Project object */;
			proxyType = 1;
			remoteGlobalIDString = F81060BC1CC34A3200941121;
			remoteInfo = foodplantform;
		};
/* End PBXContainerItemProxy section */

/* Begin PBXFileReference section */
		2E62F6421CC42BC20041EE52 /* BaseViewController.h */ = {isa = PBXFileReference; fileEncoding = 4; lastKnownFileType = sourcecode.c.h; path = BaseViewController.h; sourceTree = "<group>"; };
		2E62F6431CC42BC20041EE52 /* BaseViewController.m */ = {isa = PBXFileReference; fileEncoding = 4; lastKnownFileType = sourcecode.c.objc; path = BaseViewController.m; sourceTree = "<group>"; };
		2E62F6461CC42C680041EE52 /* JGProgressHUD.h */ = {isa = PBXFileReference; fileEncoding = 4; lastKnownFileType = sourcecode.c.h; path = JGProgressHUD.h; sourceTree = "<group>"; };
		2E62F6471CC42C680041EE52 /* JGProgressHUD.m */ = {isa = PBXFileReference; fileEncoding = 4; lastKnownFileType = sourcecode.c.objc; path = JGProgressHUD.m; sourceTree = "<group>"; };
		2E62F6481CC42C680041EE52 /* JGProgressHUDAnimation.h */ = {isa = PBXFileReference; fileEncoding = 4; lastKnownFileType = sourcecode.c.h; path = JGProgressHUDAnimation.h; sourceTree = "<group>"; };
		2E62F6491CC42C680041EE52 /* JGProgressHUDAnimation.m */ = {isa = PBXFileReference; fileEncoding = 4; lastKnownFileType = sourcecode.c.objc; path = JGProgressHUDAnimation.m; sourceTree = "<group>"; };
		2E62F64A1CC42C680041EE52 /* JGProgressHUDFadeAnimation.h */ = {isa = PBXFileReference; fileEncoding = 4; lastKnownFileType = sourcecode.c.h; path = JGProgressHUDFadeAnimation.h; sourceTree = "<group>"; };
		2E62F64B1CC42C680041EE52 /* JGProgressHUDFadeAnimation.m */ = {isa = PBXFileReference; fileEncoding = 4; lastKnownFileType = sourcecode.c.objc; path = JGProgressHUDFadeAnimation.m; sourceTree = "<group>"; };
		2E62F64C1CC42C680041EE52 /* JGProgressHUDFadeZoomAnimation.h */ = {isa = PBXFileReference; fileEncoding = 4; lastKnownFileType = sourcecode.c.h; path = JGProgressHUDFadeZoomAnimation.h; sourceTree = "<group>"; };
		2E62F64D1CC42C680041EE52 /* JGProgressHUDFadeZoomAnimation.m */ = {isa = PBXFileReference; fileEncoding = 4; lastKnownFileType = sourcecode.c.objc; path = JGProgressHUDFadeZoomAnimation.m; sourceTree = "<group>"; };
		2E62F64E1CC42C680041EE52 /* JGProgressHUDIndeterminateIndicatorView.h */ = {isa = PBXFileReference; fileEncoding = 4; lastKnownFileType = sourcecode.c.h; path = JGProgressHUDIndeterminateIndicatorView.h; sourceTree = "<group>"; };
		2E62F64F1CC42C680041EE52 /* JGProgressHUDIndeterminateIndicatorView.m */ = {isa = PBXFileReference; fileEncoding = 4; lastKnownFileType = sourcecode.c.objc; path = JGProgressHUDIndeterminateIndicatorView.m; sourceTree = "<group>"; };
		2E62F6501CC42C680041EE52 /* JGProgressHUDIndicatorView.h */ = {isa = PBXFileReference; fileEncoding = 4; lastKnownFileType = sourcecode.c.h; path = JGProgressHUDIndicatorView.h; sourceTree = "<group>"; };
		2E62F6511CC42C680041EE52 /* JGProgressHUDIndicatorView.m */ = {isa = PBXFileReference; fileEncoding = 4; lastKnownFileType = sourcecode.c.objc; path = JGProgressHUDIndicatorView.m; sourceTree = "<group>"; };
		2E62F6521CC42C680041EE52 /* JGProgressHUDPieIndicatorView.h */ = {isa = PBXFileReference; fileEncoding = 4; lastKnownFileType = sourcecode.c.h; path = JGProgressHUDPieIndicatorView.h; sourceTree = "<group>"; };
		2E62F6531CC42C680041EE52 /* JGProgressHUDPieIndicatorView.m */ = {isa = PBXFileReference; fileEncoding = 4; lastKnownFileType = sourcecode.c.objc; path = JGProgressHUDPieIndicatorView.m; sourceTree = "<group>"; };
		2E62F6541CC42C680041EE52 /* JGProgressHUDRingIndicatorView.h */ = {isa = PBXFileReference; fileEncoding = 4; lastKnownFileType = sourcecode.c.h; path = JGProgressHUDRingIndicatorView.h; sourceTree = "<group>"; };
		2E62F6551CC42C680041EE52 /* JGProgressHUDRingIndicatorView.m */ = {isa = PBXFileReference; fileEncoding = 4; lastKnownFileType = sourcecode.c.objc; path = JGProgressHUDRingIndicatorView.m; sourceTree = "<group>"; };
		2E62F65E1CC4318A0041EE52 /* BaseTabBarController.h */ = {isa = PBXFileReference; fileEncoding = 4; lastKnownFileType = sourcecode.c.h; path = BaseTabBarController.h; sourceTree = "<group>"; };
		2E62F65F1CC4318A0041EE52 /* BaseTabBarController.m */ = {isa = PBXFileReference; fileEncoding = 4; lastKnownFileType = sourcecode.c.objc; path = BaseTabBarController.m; sourceTree = "<group>"; };
		2E62F6751CC46DF00041EE52 /* AddressListViewController.h */ = {isa = PBXFileReference; fileEncoding = 4; lastKnownFileType = sourcecode.c.h; path = AddressListViewController.h; sourceTree = "<group>"; };
		2E62F6761CC46DF00041EE52 /* AddressListViewController.m */ = {isa = PBXFileReference; fileEncoding = 4; lastKnownFileType = sourcecode.c.objc; path = AddressListViewController.m; sourceTree = "<group>"; };
		2E62F67D1CC4D3EB0041EE52 /* MessageViewController.h */ = {isa = PBXFileReference; fileEncoding = 4; lastKnownFileType = sourcecode.c.h; path = MessageViewController.h; sourceTree = "<group>"; };
		2E62F67E1CC4D3EB0041EE52 /* MessageViewController.m */ = {isa = PBXFileReference; fileEncoding = 4; lastKnownFileType = sourcecode.c.objc; path = MessageViewController.m; sourceTree = "<group>"; };
		2E62F6801CC4D4D70041EE52 /* MessageTableView.h */ = {isa = PBXFileReference; fileEncoding = 4; lastKnownFileType = sourcecode.c.h; path = MessageTableView.h; sourceTree = "<group>"; };
		2E62F6811CC4D4D70041EE52 /* MessageTableView.m */ = {isa = PBXFileReference; fileEncoding = 4; lastKnownFileType = sourcecode.c.objc; path = MessageTableView.m; sourceTree = "<group>"; };
		2E62F6831CC4D70B0041EE52 /* MessageTableViewCell.h */ = {isa = PBXFileReference; fileEncoding = 4; lastKnownFileType = sourcecode.c.h; path = MessageTableViewCell.h; sourceTree = "<group>"; };
		2E62F6841CC4D70B0041EE52 /* MessageTableViewCell.m */ = {isa = PBXFileReference; fileEncoding = 4; lastKnownFileType = sourcecode.c.objc; path = MessageTableViewCell.m; sourceTree = "<group>"; };
		2E8A4F7A1CC7681100AB505C /* Assets.xcassets */ = {isa = PBXFileReference; lastKnownFileType = folder.assetcatalog; path = Assets.xcassets; sourceTree = "<group>"; };
		F81060BD1CC34A3200941121 /* foodplantform.app */ = {isa = PBXFileReference; explicitFileType = wrapper.application; includeInIndex = 0; path = foodplantform.app; sourceTree = BUILT_PRODUCTS_DIR; };
		F81060C11CC34A3200941121 /* main.m */ = {isa = PBXFileReference; lastKnownFileType = sourcecode.c.objc; path = main.m; sourceTree = "<group>"; };
		F81060CD1CC34A3200941121 /* foodplantform.xcdatamodel */ = {isa = PBXFileReference; lastKnownFileType = wrapper.xcdatamodel; path = foodplantform.xcdatamodel; sourceTree = "<group>"; };
		F81060D21CC34A3200941121 /* Base */ = {isa = PBXFileReference; lastKnownFileType = file.storyboard; name = Base; path = Base.lproj/LaunchScreen.storyboard; sourceTree = "<group>"; };
		F81060D41CC34A3200941121 /* Info.plist */ = {isa = PBXFileReference; lastKnownFileType = text.plist.xml; path = Info.plist; sourceTree = "<group>"; };
		F81060D91CC34A3200941121 /* foodplantformUITests.xctest */ = {isa = PBXFileReference; explicitFileType = wrapper.cfbundle; includeInIndex = 0; path = foodplantformUITests.xctest; sourceTree = BUILT_PRODUCTS_DIR; };
		F81060DD1CC34A3200941121 /* foodplantformUITests.m */ = {isa = PBXFileReference; lastKnownFileType = sourcecode.c.objc; path = foodplantformUITests.m; sourceTree = "<group>"; };
		F81060DF1CC34A3200941121 /* Info.plist */ = {isa = PBXFileReference; lastKnownFileType = text.plist.xml; path = Info.plist; sourceTree = "<group>"; };
		F81060EA1CC34A9500941121 /* AppDelegate.h */ = {isa = PBXFileReference; fileEncoding = 4; lastKnownFileType = sourcecode.c.h; path = AppDelegate.h; sourceTree = "<group>"; };
		F81060EB1CC34A9500941121 /* AppDelegate.m */ = {isa = PBXFileReference; fileEncoding = 4; lastKnownFileType = sourcecode.c.objc; path = AppDelegate.m; sourceTree = "<group>"; };
		F81060F41CC34A9500941121 /* APPHeader.h */ = {isa = PBXFileReference; fileEncoding = 4; lastKnownFileType = sourcecode.c.h; path = APPHeader.h; sourceTree = "<group>"; };
		F81060F51CC34A9500941121 /* IMPHeader.h */ = {isa = PBXFileReference; fileEncoding = 4; lastKnownFileType = sourcecode.c.h; path = IMPHeader.h; sourceTree = "<group>"; };
		F81060F61CC34A9500941121 /* KEYHeader.h */ = {isa = PBXFileReference; fileEncoding = 4; lastKnownFileType = sourcecode.c.h; path = KEYHeader.h; sourceTree = "<group>"; };
		F81060F71CC34A9500941121 /* URLHeader.h */ = {isa = PBXFileReference; fileEncoding = 4; lastKnownFileType = sourcecode.c.h; path = URLHeader.h; sourceTree = "<group>"; };
		F81060FB1CC34B2C00941121 /* O1.h */ = {isa = PBXFileReference; fileEncoding = 4; lastKnownFileType = sourcecode.c.h; path = O1.h; sourceTree = "<group>"; };
		F81060FC1CC34B2C00941121 /* O1.m */ = {isa = PBXFileReference; fileEncoding = 4; lastKnownFileType = sourcecode.c.objc; path = O1.m; sourceTree = "<group>"; };
		F81061041CC34B6400941121 /* 03.h */ = {isa = PBXFileReference; fileEncoding = 4; lastKnownFileType = sourcecode.c.h; path = 03.h; sourceTree = "<group>"; };
		F81061051CC34B6400941121 /* 03.m */ = {isa = PBXFileReference; fileEncoding = 4; lastKnownFileType = sourcecode.c.objc; path = 03.m; sourceTree = "<group>"; };
		F81061071CC34B6C00941121 /* 04.h */ = {isa = PBXFileReference; fileEncoding = 4; lastKnownFileType = sourcecode.c.h; path = 04.h; sourceTree = "<group>"; };
		F81061081CC34B6C00941121 /* 04.m */ = {isa = PBXFileReference; fileEncoding = 4; lastKnownFileType = sourcecode.c.objc; path = 04.m; sourceTree = "<group>"; };
		F810610A1CC34B7300941121 /* 05.h */ = {isa = PBXFileReference; fileEncoding = 4; lastKnownFileType = sourcecode.c.h; path = 05.h; sourceTree = "<group>"; };
		F810610B1CC34B7300941121 /* 05.m */ = {isa = PBXFileReference; fileEncoding = 4; lastKnownFileType = sourcecode.c.objc; path = 05.m; sourceTree = "<group>"; };
		F810610D1CC34B7C00941121 /* 06.h */ = {isa = PBXFileReference; fileEncoding = 4; lastKnownFileType = sourcecode.c.h; path = 06.h; sourceTree = "<group>"; };
		F810610E1CC34B7C00941121 /* 06.m */ = {isa = PBXFileReference; fileEncoding = 4; lastKnownFileType = sourcecode.c.objc; path = 06.m; sourceTree = "<group>"; };
		F814C9721CCBEFFA00825CDF /* regViewController.h */ = {isa = PBXFileReference; fileEncoding = 4; lastKnownFileType = sourcecode.c.h; path = regViewController.h; sourceTree = "<group>"; };
		F814C9731CCBEFFA00825CDF /* regViewController.m */ = {isa = PBXFileReference; fileEncoding = 4; lastKnownFileType = sourcecode.c.objc; path = regViewController.m; sourceTree = "<group>"; };
		F814C9751CCBF01E00825CDF /* regView.h */ = {isa = PBXFileReference; fileEncoding = 4; lastKnownFileType = sourcecode.c.h; path = regView.h; sourceTree = "<group>"; };
		F814C9761CCBF01E00825CDF /* regView.m */ = {isa = PBXFileReference; fileEncoding = 4; lastKnownFileType = sourcecode.c.objc; path = regView.m; sourceTree = "<group>"; };
		F814C9781CCBF9D600825CDF /* loginViewController.h */ = {isa = PBXFileReference; fileEncoding = 4; lastKnownFileType = sourcecode.c.h; path = loginViewController.h; sourceTree = "<group>"; };
		F814C9791CCBF9D600825CDF /* loginViewController.m */ = {isa = PBXFileReference; fileEncoding = 4; lastKnownFileType = sourcecode.c.objc; path = loginViewController.m; sourceTree = "<group>"; };
		F814C97B1CCBF9E600825CDF /* loginView.h */ = {isa = PBXFileReference; fileEncoding = 4; lastKnownFileType = sourcecode.c.h; path = loginView.h; sourceTree = "<group>"; };
		F814C97C1CCBF9E600825CDF /* loginView.m */ = {isa = PBXFileReference; fileEncoding = 4; lastKnownFileType = sourcecode.c.objc; path = loginView.m; sourceTree = "<group>"; };
		F83F23C41CC7B7990045486D /* foodPlantform.pch */ = {isa = PBXFileReference; fileEncoding = 4; lastKnownFileType = sourcecode.c.h; path = foodPlantform.pch; sourceTree = "<group>"; };
		F87C8E671CC753A2007D9D6E /* foodlistTableViewCell.h */ = {isa = PBXFileReference; fileEncoding = 4; lastKnownFileType = sourcecode.c.h; path = foodlistTableViewCell.h; sourceTree = "<group>"; };
		F87C8E681CC753A2007D9D6E /* foodlistTableViewCell.m */ = {isa = PBXFileReference; fileEncoding = 4; lastKnownFileType = sourcecode.c.objc; path = foodlistTableViewCell.m; sourceTree = "<group>"; };
		F87C8E6A1CC753C0007D9D6E /* foodlistTableViewController.h */ = {isa = PBXFileReference; fileEncoding = 4; lastKnownFileType = sourcecode.c.h; path = foodlistTableViewController.h; sourceTree = "<group>"; };
		F87C8E6B1CC753C0007D9D6E /* foodlistTableViewController.m */ = {isa = PBXFileReference; fileEncoding = 4; lastKnownFileType = sourcecode.c.objc; path = foodlistTableViewController.m; sourceTree = "<group>"; };
		F8E2C1B01CC8D276005A2579 /* HCSStarRatingView.h */ = {isa = PBXFileReference; fileEncoding = 4; lastKnownFileType = sourcecode.c.h; path = HCSStarRatingView.h; sourceTree = "<group>"; };
		F8E2C1B11CC8D276005A2579 /* HCSStarRatingView.m */ = {isa = PBXFileReference; fileEncoding = 4; lastKnownFileType = sourcecode.c.objc; path = HCSStarRatingView.m; sourceTree = "<group>"; };
		F8E2C1B21CC8D276005A2579 /* LICENSE */ = {isa = PBXFileReference; fileEncoding = 4; lastKnownFileType = text; path = LICENSE; sourceTree = "<group>"; };
		F8E2C1B31CC8D276005A2579 /* README.md */ = {isa = PBXFileReference; fileEncoding = 4; lastKnownFileType = net.daringfireball.markdown; path = README.md; sourceTree = "<group>"; };
/* End PBXFileReference section */

/* Begin PBXFrameworksBuildPhase section */
		F81060BA1CC34A3200941121 /* Frameworks */ = {
			isa = PBXFrameworksBuildPhase;
			buildActionMask = 2147483647;
			files = (
			);
			runOnlyForDeploymentPostprocessing = 0;
		};
		F81060D61CC34A3200941121 /* Frameworks */ = {
			isa = PBXFrameworksBuildPhase;
			buildActionMask = 2147483647;
			files = (
			);
			runOnlyForDeploymentPostprocessing = 0;
		};
/* End PBXFrameworksBuildPhase section */

/* Begin PBXGroup section */
		2E62F6451CC42C680041EE52 /* JGProgressHUD */ = {
			isa = PBXGroup;
			children = (
				2E62F6461CC42C680041EE52 /* JGProgressHUD.h */,
				2E62F6471CC42C680041EE52 /* JGProgressHUD.m */,
				2E62F6481CC42C680041EE52 /* JGProgressHUDAnimation.h */,
				2E62F6491CC42C680041EE52 /* JGProgressHUDAnimation.m */,
				2E62F64A1CC42C680041EE52 /* JGProgressHUDFadeAnimation.h */,
				2E62F64B1CC42C680041EE52 /* JGProgressHUDFadeAnimation.m */,
				2E62F64C1CC42C680041EE52 /* JGProgressHUDFadeZoomAnimation.h */,
				2E62F64D1CC42C680041EE52 /* JGProgressHUDFadeZoomAnimation.m */,
				2E62F64E1CC42C680041EE52 /* JGProgressHUDIndeterminateIndicatorView.h */,
				2E62F64F1CC42C680041EE52 /* JGProgressHUDIndeterminateIndicatorView.m */,
				2E62F6501CC42C680041EE52 /* JGProgressHUDIndicatorView.h */,
				2E62F6511CC42C680041EE52 /* JGProgressHUDIndicatorView.m */,
				2E62F6521CC42C680041EE52 /* JGProgressHUDPieIndicatorView.h */,
				2E62F6531CC42C680041EE52 /* JGProgressHUDPieIndicatorView.m */,
				2E62F6541CC42C680041EE52 /* JGProgressHUDRingIndicatorView.h */,
				2E62F6551CC42C680041EE52 /* JGProgressHUDRingIndicatorView.m */,
			);
			path = JGProgressHUD;
			sourceTree = "<group>";
		};
		2E62F6691CC46D0A0041EE52 /* Message */ = {
			isa = PBXGroup;
			children = (
				2E62F66A1CC46D0A0041EE52 /* Controller */,
				2E62F66B1CC46D0A0041EE52 /* Model */,
				2E62F66C1CC46D0A0041EE52 /* View */,
			);
			name = Message;
			path = 3;
			sourceTree = "<group>";
		};
		2E62F66A1CC46D0A0041EE52 /* Controller */ = {
			isa = PBXGroup;
			children = (
				2E62F67D1CC4D3EB0041EE52 /* MessageViewController.h */,
				2E62F67E1CC4D3EB0041EE52 /* MessageViewController.m */,
			);
			path = Controller;
			sourceTree = "<group>";
		};
		2E62F66B1CC46D0A0041EE52 /* Model */ = {
			isa = PBXGroup;
			children = (
			);
			path = Model;
			sourceTree = "<group>";
		};
		2E62F66C1CC46D0A0041EE52 /* View */ = {
			isa = PBXGroup;
			children = (
				2E62F6801CC4D4D70041EE52 /* MessageTableView.h */,
				2E62F6811CC4D4D70041EE52 /* MessageTableView.m */,
				2E62F6831CC4D70B0041EE52 /* MessageTableViewCell.h */,
				2E62F6841CC4D70B0041EE52 /* MessageTableViewCell.m */,
			);
			path = View;
			sourceTree = "<group>";
		};
		2E62F66D1CC46D0A0041EE52 /* AddressBook */ = {
			isa = PBXGroup;
			children = (
				2E62F66E1CC46D0A0041EE52 /* Controller */,
				2E62F66F1CC46D0A0041EE52 /* Model */,
				2E62F6701CC46D0A0041EE52 /* View */,
			);
			name = AddressBook;
			path = 4;
			sourceTree = "<group>";
		};
		2E62F66E1CC46D0A0041EE52 /* Controller */ = {
			isa = PBXGroup;
			children = (
				2E62F6751CC46DF00041EE52 /* AddressListViewController.h */,
				2E62F6761CC46DF00041EE52 /* AddressListViewController.m */,
			);
			path = Controller;
			sourceTree = "<group>";
		};
		2E62F66F1CC46D0A0041EE52 /* Model */ = {
			isa = PBXGroup;
			children = (
			);
			path = Model;
			sourceTree = "<group>";
		};
		2E62F6701CC46D0A0041EE52 /* View */ = {
			isa = PBXGroup;
			children = (
			);
			path = View;
			sourceTree = "<group>";
		};
		F81060B41CC34A3200941121 = {
			isa = PBXGroup;
			children = (
				F81060BF1CC34A3200941121 /* foodplantform */,
				F81060DC1CC34A3200941121 /* foodplantformUITests */,
				F81060BE1CC34A3200941121 /* Products */,
			);
			sourceTree = "<group>";
		};
		F81060BE1CC34A3200941121 /* Products */ = {
			isa = PBXGroup;
			children = (
				F81060BD1CC34A3200941121 /* foodplantform.app */,
				F81060D91CC34A3200941121 /* foodplantformUITests.xctest */,
			);
			name = Products;
			sourceTree = "<group>";
		};
		F81060BF1CC34A3200941121 /* foodplantform */ = {
			isa = PBXGroup;
			children = (
				2E8A4F7A1CC7681100AB505C /* Assets.xcassets */,
				F81060E81CC34A9500941121 /* Source */,
				F81060D11CC34A3200941121 /* LaunchScreen.storyboard */,
				F81060D41CC34A3200941121 /* Info.plist */,
				F81060CC1CC34A3200941121 /* foodplantform.xcdatamodeld */,
				F81060C01CC34A3200941121 /* Supporting Files */,
				F83F23C41CC7B7990045486D /* foodPlantform.pch */,
			);
			path = foodplantform;
			sourceTree = "<group>";
		};
		F81060C01CC34A3200941121 /* Supporting Files */ = {
			isa = PBXGroup;
			children = (
				F81060C11CC34A3200941121 /* main.m */,
			);
			name = "Supporting Files";
			sourceTree = "<group>";
		};
		F81060DC1CC34A3200941121 /* foodplantformUITests */ = {
			isa = PBXGroup;
			children = (
				F81060DD1CC34A3200941121 /* foodplantformUITests.m */,
				F81060DF1CC34A3200941121 /* Info.plist */,
			);
			path = foodplantformUITests;
			sourceTree = "<group>";
		};
		F81060E81CC34A9500941121 /* Source */ = {
			isa = PBXGroup;
			children = (
				F81060E91CC34A9500941121 /* Application */,
				F81060EC1CC34A9500941121 /* BaseClass */,
				F81060ED1CC34A9500941121 /* CodeClass */,
				F81060EE1CC34A9500941121 /* DataBase */,
				F81060EF1CC34A9500941121 /* EnNetWork */,
				F81060F01CC34A9500941121 /* Framework */,
				F81060F11CC34A9500941121 /* Global */,
				F81060F21CC34A9500941121 /* Helper */,
				F81060F31CC34A9500941121 /* Macro */,
				F81060F81CC34A9500941121 /* Resources */,
				F81060F91CC34A9500941121 /* TheThird */,
			);
			path = Source;
			sourceTree = "<group>";
		};
		F81060E91CC34A9500941121 /* Application */ = {
			isa = PBXGroup;
			children = (
				F81060EA1CC34A9500941121 /* AppDelegate.h */,
				F81060EB1CC34A9500941121 /* AppDelegate.m */,
			);
			path = Application;
			sourceTree = "<group>";
		};
		F81060EC1CC34A9500941121 /* BaseClass */ = {
			isa = PBXGroup;
			children = (
				2E62F6421CC42BC20041EE52 /* BaseViewController.h */,
				2E62F6431CC42BC20041EE52 /* BaseViewController.m */,
				2E62F65E1CC4318A0041EE52 /* BaseTabBarController.h */,
				2E62F65F1CC4318A0041EE52 /* BaseTabBarController.m */,
			);
			path = BaseClass;
			sourceTree = "<group>";
		};
		F81060ED1CC34A9500941121 /* CodeClass */ = {
			isa = PBXGroup;
			children = (
				F814C96E1CCBEFCF00825CDF /* registerAndLogin */,
				F87C8E601CC75263007D9D6E /* Foodshare */,
				2E62F6691CC46D0A0041EE52 /* Message */,
				2E62F66D1CC46D0A0041EE52 /* AddressBook */,
			);
			path = CodeClass;
			sourceTree = "<group>";
		};
		F81060EE1CC34A9500941121 /* DataBase */ = {
			isa = PBXGroup;
			children = (
				F81061041CC34B6400941121 /* 03.h */,
				F81061051CC34B6400941121 /* 03.m */,
			);
			path = DataBase;
			sourceTree = "<group>";
		};
		F81060EF1CC34A9500941121 /* EnNetWork */ = {
			isa = PBXGroup;
			children = (
				F81061071CC34B6C00941121 /* 04.h */,
				F81061081CC34B6C00941121 /* 04.m */,
			);
			path = EnNetWork;
			sourceTree = "<group>";
		};
		F81060F01CC34A9500941121 /* Framework */ = {
			isa = PBXGroup;
			children = (
				F810610A1CC34B7300941121 /* 05.h */,
				F810610B1CC34B7300941121 /* 05.m */,
			);
			path = Framework;
			sourceTree = "<group>";
		};
		F81060F11CC34A9500941121 /* Global */ = {
			isa = PBXGroup;
			children = (
				F81060FB1CC34B2C00941121 /* O1.h */,
				F81060FC1CC34B2C00941121 /* O1.m */,
			);
			path = Global;
			sourceTree = "<group>";
		};
		F81060F21CC34A9500941121 /* Helper */ = {
			isa = PBXGroup;
			children = (
				F810610D1CC34B7C00941121 /* 06.h */,
				F810610E1CC34B7C00941121 /* 06.m */,
			);
			path = Helper;
			sourceTree = "<group>";
		};
		F81060F31CC34A9500941121 /* Macro */ = {
			isa = PBXGroup;
			children = (
				F81060F41CC34A9500941121 /* APPHeader.h */,
				F81060F51CC34A9500941121 /* IMPHeader.h */,
				F81060F61CC34A9500941121 /* KEYHeader.h */,
				F81060F71CC34A9500941121 /* URLHeader.h */,
			);
			path = Macro;
			sourceTree = "<group>";
		};
		F81060F81CC34A9500941121 /* Resources */ = {
			isa = PBXGroup;
			children = (
			);
			path = Resources;
			sourceTree = "<group>";
		};
		F81060F91CC34A9500941121 /* TheThird */ = {
			isa = PBXGroup;
			children = (
				F8E2C1AE1CC8D276005A2579 /* HCSStarRatingView */,
				2E62F6451CC42C680041EE52 /* JGProgressHUD */,
			);
			path = TheThird;
			sourceTree = "<group>";
		};
		F814C96E1CCBEFCF00825CDF /* registerAndLogin */ = {
			isa = PBXGroup;
			children = (
				F814C96F1CCBEFCF00825CDF /* controller */,
				F814C9701CCBEFCF00825CDF /* model */,
				F814C9711CCBEFCF00825CDF /* view */,
			);
			path = registerAndLogin;
			sourceTree = "<group>";
		};
		F814C96F1CCBEFCF00825CDF /* controller */ = {
			isa = PBXGroup;
			children = (
				F814C9721CCBEFFA00825CDF /* regViewController.h */,
				F814C9731CCBEFFA00825CDF /* regViewController.m */,
				F814C9781CCBF9D600825CDF /* loginViewController.h */,
				F814C9791CCBF9D600825CDF /* loginViewController.m */,
			);
			path = controller;
			sourceTree = "<group>";
		};
		F814C9701CCBEFCF00825CDF /* model */ = {
			isa = PBXGroup;
			children = (
			);
			path = model;
			sourceTree = "<group>";
		};
		F814C9711CCBEFCF00825CDF /* view */ = {
			isa = PBXGroup;
			children = (
				F814C9751CCBF01E00825CDF /* regView.h */,
				F814C9761CCBF01E00825CDF /* regView.m */,
				F814C97B1CCBF9E600825CDF /* loginView.h */,
				F814C97C1CCBF9E600825CDF /* loginView.m */,
			);
			path = view;
			sourceTree = "<group>";
		};
		F87C8E601CC75263007D9D6E /* Foodshare */ = {
			isa = PBXGroup;
			children = (
				F87C8E611CC75263007D9D6E /* controller */,
				F87C8E621CC75263007D9D6E /* model */,
				F87C8E631CC75263007D9D6E /* view */,
			);
			path = Foodshare;
			sourceTree = "<group>";
		};
		F87C8E611CC75263007D9D6E /* controller */ = {
			isa = PBXGroup;
			children = (
				F87C8E6A1CC753C0007D9D6E /* foodlistTableViewController.h */,
				F87C8E6B1CC753C0007D9D6E /* foodlistTableViewController.m */,
			);
			path = controller;
			sourceTree = "<group>";
		};
		F87C8E621CC75263007D9D6E /* model */ = {
			isa = PBXGroup;
			children = (
			);
			path = model;
			sourceTree = "<group>";
		};
		F87C8E631CC75263007D9D6E /* view */ = {
			isa = PBXGroup;
			children = (
				F87C8E671CC753A2007D9D6E /* foodlistTableViewCell.h */,
				F87C8E681CC753A2007D9D6E /* foodlistTableViewCell.m */,
			);
			path = view;
			sourceTree = "<group>";
		};
		F8E2C1AE1CC8D276005A2579 /* HCSStarRatingView */ = {
			isa = PBXGroup;
			children = (
				F8E2C1AF1CC8D276005A2579 /* HCSStarRatingView */,
				F8E2C1B21CC8D276005A2579 /* LICENSE */,
				F8E2C1B31CC8D276005A2579 /* README.md */,
			);
			path = HCSStarRatingView;
			sourceTree = "<group>";
		};
		F8E2C1AF1CC8D276005A2579 /* HCSStarRatingView */ = {
			isa = PBXGroup;
			children = (
				F8E2C1B01CC8D276005A2579 /* HCSStarRatingView.h */,
				F8E2C1B11CC8D276005A2579 /* HCSStarRatingView.m */,
			);
			path = HCSStarRatingView;
			sourceTree = "<group>";
		};
/* End PBXGroup section */

/* Begin PBXNativeTarget section */
		F81060BC1CC34A3200941121 /* foodplantform */ = {
			isa = PBXNativeTarget;
			buildConfigurationList = F81060E21CC34A3200941121 /* Build configuration list for PBXNativeTarget "foodplantform" */;
			buildPhases = (
				F81060B91CC34A3200941121 /* Sources */,
				F81060BA1CC34A3200941121 /* Frameworks */,
				F81060BB1CC34A3200941121 /* Resources */,
			);
			buildRules = (
			);
			dependencies = (
			);
			name = foodplantform;
			productName = foodplantform;
			productReference = F81060BD1CC34A3200941121 /* foodplantform.app */;
			productType = "com.apple.product-type.application";
		};
		F81060D81CC34A3200941121 /* foodplantformUITests */ = {
			isa = PBXNativeTarget;
			buildConfigurationList = F81060E51CC34A3200941121 /* Build configuration list for PBXNativeTarget "foodplantformUITests" */;
			buildPhases = (
				F81060D51CC34A3200941121 /* Sources */,
				F81060D61CC34A3200941121 /* Frameworks */,
				F81060D71CC34A3200941121 /* Resources */,
			);
			buildRules = (
			);
			dependencies = (
				F81060DB1CC34A3200941121 /* PBXTargetDependency */,
			);
			name = foodplantformUITests;
			productName = foodplantformUITests;
			productReference = F81060D91CC34A3200941121 /* foodplantformUITests.xctest */;
			productType = "com.apple.product-type.bundle.ui-testing";
		};
/* End PBXNativeTarget section */

/* Begin PBXProject section */
		F81060B51CC34A3200941121 /* Project object */ = {
			isa = PBXProject;
			attributes = {
				LastUpgradeCheck = 0700;
				ORGANIZATIONNAME = "马文豪";
				TargetAttributes = {
					F81060BC1CC34A3200941121 = {
						CreatedOnToolsVersion = 7.0;
					};
					F81060D81CC34A3200941121 = {
						CreatedOnToolsVersion = 7.0;
						TestTargetID = F81060BC1CC34A3200941121;
					};
				};
			};
			buildConfigurationList = F81060B81CC34A3200941121 /* Build configuration list for PBXProject "foodplantform" */;
			compatibilityVersion = "Xcode 3.2";
			developmentRegion = English;
			hasScannedForEncodings = 0;
			knownRegions = (
				en,
				Base,
			);
			mainGroup = F81060B41CC34A3200941121;
			productRefGroup = F81060BE1CC34A3200941121 /* Products */;
			projectDirPath = "";
			projectRoot = "";
			targets = (
				F81060BC1CC34A3200941121 /* foodplantform */,
				F81060D81CC34A3200941121 /* foodplantformUITests */,
			);
		};
/* End PBXProject section */

/* Begin PBXResourcesBuildPhase section */
		F81060BB1CC34A3200941121 /* Resources */ = {
			isa = PBXResourcesBuildPhase;
			buildActionMask = 2147483647;
			files = (
				F8E2C1B51CC8D276005A2579 /* LICENSE in Resources */,
				F81060D31CC34A3200941121 /* LaunchScreen.storyboard in Resources */,
				2E8A4F7B1CC7681100AB505C /* Assets.xcassets in Resources */,
			);
			runOnlyForDeploymentPostprocessing = 0;
		};
		F81060D71CC34A3200941121 /* Resources */ = {
			isa = PBXResourcesBuildPhase;
			buildActionMask = 2147483647;
			files = (
			);
			runOnlyForDeploymentPostprocessing = 0;
		};
/* End PBXResourcesBuildPhase section */

/* Begin PBXSourcesBuildPhase section */
		F81060B91CC34A3200941121 /* Sources */ = {
			isa = PBXSourcesBuildPhase;
			buildActionMask = 2147483647;
			files = (
				2E62F65A1CC42C680041EE52 /* JGProgressHUDIndeterminateIndicatorView.m in Sources */,
				2E62F6601CC4318A0041EE52 /* BaseTabBarController.m in Sources */,
				2E62F6441CC42BC20041EE52 /* BaseViewController.m in Sources */,
				F814C9741CCBEFFA00825CDF /* regViewController.m in Sources */,
				F814C97A1CCBF9D600825CDF /* loginViewController.m in Sources */,
				2E62F6571CC42C680041EE52 /* JGProgressHUDAnimation.m in Sources */,
				F8E2C1B61CC8D276005A2579 /* README.md in Sources */,
				2E62F67F1CC4D3EB0041EE52 /* MessageViewController.m in Sources */,
				2E62F65B1CC42C680041EE52 /* JGProgressHUDIndicatorView.m in Sources */,
				2E62F6851CC4D70B0041EE52 /* MessageTableViewCell.m in Sources */,
				2E62F6561CC42C680041EE52 /* JGProgressHUD.m in Sources */,
				F81060CE1CC34A3200941121 /* foodplantform.xcdatamodeld in Sources */,
				F81061091CC34B6C00941121 /* 04.m in Sources */,
				F810610C1CC34B7300941121 /* 05.m in Sources */,
				F8E2C1B41CC8D276005A2579 /* HCSStarRatingView.m in Sources */,
				2E62F6581CC42C680041EE52 /* JGProgressHUDFadeAnimation.m in Sources */,
				F87C8E691CC753A2007D9D6E /* foodlistTableViewCell.m in Sources */,
				2E62F6821CC4D4D70041EE52 /* MessageTableView.m in Sources */,
				F81060C21CC34A3200941121 /* main.m in Sources */,
				2E62F65D1CC42C680041EE52 /* JGProgressHUDRingIndicatorView.m in Sources */,
				F81060FA1CC34A9500941121 /* AppDelegate.m in Sources */,
				F87C8E6C1CC753C0007D9D6E /* foodlistTableViewController.m in Sources */,
				F810610F1CC34B7C00941121 /* 06.m in Sources */,
				F81061061CC34B6400941121 /* 03.m in Sources */,
				2E62F6591CC42C680041EE52 /* JGProgressHUDFadeZoomAnimation.m in Sources */,
				2E62F65C1CC42C680041EE52 /* JGProgressHUDPieIndicatorView.m in Sources */,
				F814C9771CCBF01E00825CDF /* regView.m in Sources */,
				F81060FD1CC34B2C00941121 /* O1.m in Sources */,
				F814C97D1CCBF9E600825CDF /* loginView.m in Sources */,
				2E62F6771CC46DF00041EE52 /* AddressListViewController.m in Sources */,
			);
			runOnlyForDeploymentPostprocessing = 0;
		};
		F81060D51CC34A3200941121 /* Sources */ = {
			isa = PBXSourcesBuildPhase;
			buildActionMask = 2147483647;
			files = (
				F81060DE1CC34A3200941121 /* foodplantformUITests.m in Sources */,
			);
			runOnlyForDeploymentPostprocessing = 0;
		};
/* End PBXSourcesBuildPhase section */

/* Begin PBXTargetDependency section */
		F81060DB1CC34A3200941121 /* PBXTargetDependency */ = {
			isa = PBXTargetDependency;
			target = F81060BC1CC34A3200941121 /* foodplantform */;
			targetProxy = F81060DA1CC34A3200941121 /* PBXContainerItemProxy */;
		};
/* End PBXTargetDependency section */

/* Begin PBXVariantGroup section */
		F81060D11CC34A3200941121 /* LaunchScreen.storyboard */ = {
			isa = PBXVariantGroup;
			children = (
				F81060D21CC34A3200941121 /* Base */,
			);
			name = LaunchScreen.storyboard;
			sourceTree = "<group>";
		};
/* End PBXVariantGroup section */

/* Begin XCBuildConfiguration section */
		F81060E01CC34A3200941121 /* Debug */ = {
			isa = XCBuildConfiguration;
			buildSettings = {
				ALWAYS_SEARCH_USER_PATHS = NO;
				CLANG_CXX_LANGUAGE_STANDARD = "gnu++0x";
				CLANG_CXX_LIBRARY = "libc++";
				CLANG_ENABLE_MODULES = YES;
				CLANG_ENABLE_OBJC_ARC = YES;
				CLANG_WARN_BOOL_CONVERSION = YES;
				CLANG_WARN_CONSTANT_CONVERSION = YES;
				CLANG_WARN_DIRECT_OBJC_ISA_USAGE = YES_ERROR;
				CLANG_WARN_EMPTY_BODY = YES;
				CLANG_WARN_ENUM_CONVERSION = YES;
				CLANG_WARN_INT_CONVERSION = YES;
				CLANG_WARN_OBJC_ROOT_CLASS = YES_ERROR;
				CLANG_WARN_UNREACHABLE_CODE = YES;
				CLANG_WARN__DUPLICATE_METHOD_MATCH = YES;
				"CODE_SIGN_IDENTITY[sdk=iphoneos*]" = "iPhone Developer";
				COPY_PHASE_STRIP = NO;
				DEBUG_INFORMATION_FORMAT = dwarf;
				ENABLE_STRICT_OBJC_MSGSEND = YES;
				ENABLE_TESTABILITY = YES;
				GCC_C_LANGUAGE_STANDARD = gnu99;
				GCC_DYNAMIC_NO_PIC = NO;
				GCC_NO_COMMON_BLOCKS = YES;
				GCC_OPTIMIZATION_LEVEL = 0;
				GCC_PREPROCESSOR_DEFINITIONS = (
					"DEBUG=1",
					"$(inherited)",
				);
				GCC_WARN_64_TO_32_BIT_CONVERSION = YES;
				GCC_WARN_ABOUT_RETURN_TYPE = YES_ERROR;
				GCC_WARN_UNDECLARED_SELECTOR = YES;
				GCC_WARN_UNINITIALIZED_AUTOS = YES_AGGRESSIVE;
				GCC_WARN_UNUSED_FUNCTION = YES;
				GCC_WARN_UNUSED_VARIABLE = YES;
				IPHONEOS_DEPLOYMENT_TARGET = 9.0;
				MTL_ENABLE_DEBUG_INFO = YES;
				ONLY_ACTIVE_ARCH = YES;
				SDKROOT = iphoneos;
				TARGETED_DEVICE_FAMILY = "1,2";
			};
			name = Debug;
		};
		F81060E11CC34A3200941121 /* Release */ = {
			isa = XCBuildConfiguration;
			buildSettings = {
				ALWAYS_SEARCH_USER_PATHS = NO;
				CLANG_CXX_LANGUAGE_STANDARD = "gnu++0x";
				CLANG_CXX_LIBRARY = "libc++";
				CLANG_ENABLE_MODULES = YES;
				CLANG_ENABLE_OBJC_ARC = YES;
				CLANG_WARN_BOOL_CONVERSION = YES;
				CLANG_WARN_CONSTANT_CONVERSION = YES;
				CLANG_WARN_DIRECT_OBJC_ISA_USAGE = YES_ERROR;
				CLANG_WARN_EMPTY_BODY = YES;
				CLANG_WARN_ENUM_CONVERSION = YES;
				CLANG_WARN_INT_CONVERSION = YES;
				CLANG_WARN_OBJC_ROOT_CLASS = YES_ERROR;
				CLANG_WARN_UNREACHABLE_CODE = YES;
				CLANG_WARN__DUPLICATE_METHOD_MATCH = YES;
				"CODE_SIGN_IDENTITY[sdk=iphoneos*]" = "iPhone Developer";
				COPY_PHASE_STRIP = NO;
				DEBUG_INFORMATION_FORMAT = "dwarf-with-dsym";
				ENABLE_NS_ASSERTIONS = NO;
				ENABLE_STRICT_OBJC_MSGSEND = YES;
				GCC_C_LANGUAGE_STANDARD = gnu99;
				GCC_NO_COMMON_BLOCKS = YES;
				GCC_WARN_64_TO_32_BIT_CONVERSION = YES;
				GCC_WARN_ABOUT_RETURN_TYPE = YES_ERROR;
				GCC_WARN_UNDECLARED_SELECTOR = YES;
				GCC_WARN_UNINITIALIZED_AUTOS = YES_AGGRESSIVE;
				GCC_WARN_UNUSED_FUNCTION = YES;
				GCC_WARN_UNUSED_VARIABLE = YES;
				IPHONEOS_DEPLOYMENT_TARGET = 9.0;
				MTL_ENABLE_DEBUG_INFO = NO;
				SDKROOT = iphoneos;
				TARGETED_DEVICE_FAMILY = "1,2";
				VALIDATE_PRODUCT = YES;
			};
			name = Release;
		};
		F81060E31CC34A3200941121 /* Debug */ = {
			isa = XCBuildConfiguration;
			buildSettings = {
				ASSETCATALOG_COMPILER_APPICON_NAME = AppIcon;
				GCC_PRECOMPILE_PREFIX_HEADER = YES;
				GCC_PREFIX_HEADER = "$(SRCROOT)/foodplantform/foodPlantform.pch";
				INFOPLIST_FILE = foodplantform/Info.plist;
				LD_RUNPATH_SEARCH_PATHS = "$(inherited) @executable_path/Frameworks";
				PRODUCT_BUNDLE_IDENTIFIER = MWH.foodplantform;
				PRODUCT_NAME = "$(TARGET_NAME)";
			};
			name = Debug;
		};
		F81060E41CC34A3200941121 /* Release */ = {
			isa = XCBuildConfiguration;
			buildSettings = {
				ASSETCATALOG_COMPILER_APPICON_NAME = AppIcon;
				GCC_PRECOMPILE_PREFIX_HEADER = YES;
				GCC_PREFIX_HEADER = "$(SRCROOT)/foodplantform/foodPlantform.pch";
				INFOPLIST_FILE = foodplantform/Info.plist;
				LD_RUNPATH_SEARCH_PATHS = "$(inherited) @executable_path/Frameworks";
				PRODUCT_BUNDLE_IDENTIFIER = MWH.foodplantform;
				PRODUCT_NAME = "$(TARGET_NAME)";
			};
			name = Release;
		};
		F81060E61CC34A3200941121 /* Debug */ = {
			isa = XCBuildConfiguration;
			buildSettings = {
				INFOPLIST_FILE = foodplantformUITests/Info.plist;
				LD_RUNPATH_SEARCH_PATHS = "$(inherited) @executable_path/Frameworks @loader_path/Frameworks";
				PRODUCT_BUNDLE_IDENTIFIER = MWH.foodplantformUITests;
				PRODUCT_NAME = "$(TARGET_NAME)";
				TEST_TARGET_NAME = foodplantform;
				USES_XCTRUNNER = YES;
			};
			name = Debug;
		};
		F81060E71CC34A3200941121 /* Release */ = {
			isa = XCBuildConfiguration;
			buildSettings = {
				INFOPLIST_FILE = foodplantformUITests/Info.plist;
				LD_RUNPATH_SEARCH_PATHS = "$(inherited) @executable_path/Frameworks @loader_path/Frameworks";
				PRODUCT_BUNDLE_IDENTIFIER = MWH.foodplantformUITests;
				PRODUCT_NAME = "$(TARGET_NAME)";
				TEST_TARGET_NAME = foodplantform;
				USES_XCTRUNNER = YES;
			};
			name = Release;
		};
/* End XCBuildConfiguration section */

/* Begin XCConfigurationList section */
		F81060B81CC34A3200941121 /* Build configuration list for PBXProject "foodplantform" */ = {
			isa = XCConfigurationList;
			buildConfigurations = (
				F81060E01CC34A3200941121 /* Debug */,
				F81060E11CC34A3200941121 /* Release */,
			);
			defaultConfigurationIsVisible = 0;
			defaultConfigurationName = Release;
		};
		F81060E21CC34A3200941121 /* Build configuration list for PBXNativeTarget "foodplantform" */ = {
			isa = XCConfigurationList;
			buildConfigurations = (
				F81060E31CC34A3200941121 /* Debug */,
				F81060E41CC34A3200941121 /* Release */,
			);
			defaultConfigurationIsVisible = 0;
			defaultConfigurationName = Release;
		};
		F81060E51CC34A3200941121 /* Build configuration list for PBXNativeTarget "foodplantformUITests" */ = {
			isa = XCConfigurationList;
			buildConfigurations = (
				F81060E61CC34A3200941121 /* Debug */,
				F81060E71CC34A3200941121 /* Release */,
			);
			defaultConfigurationIsVisible = 0;
			defaultConfigurationName = Release;
		};
/* End XCConfigurationList section */

/* Begin XCVersionGroup section */
		F81060CC1CC34A3200941121 /* foodplantform.xcdatamodeld */ = {
			isa = XCVersionGroup;
			children = (
				F81060CD1CC34A3200941121 /* foodplantform.xcdatamodel */,
			);
			currentVersion = F81060CD1CC34A3200941121 /* foodplantform.xcdatamodel */;
			path = foodplantform.xcdatamodeld;
			sourceTree = "<group>";
			versionGroupType = wrapper.xcdatamodel;
		};
/* End XCVersionGroup section */
	};
	rootObject = F81060B51CC34A3200941121 /* Project object */;
}
